// !$*UTF8*$!
{
	archiveVersion = 1;
	classes = {
	};
	objectVersion = 55;
	objects = {

/* Begin PBXBuildFile section */
		35AABA19C4FFFE05B98C2170 /* Pods_ShoppingAppMVVM.framework in Frameworks */ = {isa = PBXBuildFile; fileRef = 63F93593A7CA958FED7BBDB3 /* Pods_ShoppingAppMVVM.framework */; };
		7D1A6BE028269BBC00D377EE /* AppDelegate.swift in Sources */ = {isa = PBXBuildFile; fileRef = 7D1A6BDF28269BBC00D377EE /* AppDelegate.swift */; };
		7D1A6BE228269BBC00D377EE /* SceneDelegate.swift in Sources */ = {isa = PBXBuildFile; fileRef = 7D1A6BE128269BBC00D377EE /* SceneDelegate.swift */; };
		7D1A6BE428269BBC00D377EE /* HomePageViewController.swift in Sources */ = {isa = PBXBuildFile; fileRef = 7D1A6BE328269BBC00D377EE /* HomePageViewController.swift */; };
		7D1A6BE728269BBC00D377EE /* Main.storyboard in Resources */ = {isa = PBXBuildFile; fileRef = 7D1A6BE528269BBC00D377EE /* Main.storyboard */; };
		7D1A6BE928269BC000D377EE /* Assets.xcassets in Resources */ = {isa = PBXBuildFile; fileRef = 7D1A6BE828269BC000D377EE /* Assets.xcassets */; };
		7D1A6BEC28269BC000D377EE /* LaunchScreen.storyboard in Resources */ = {isa = PBXBuildFile; fileRef = 7D1A6BEA28269BC000D377EE /* LaunchScreen.storyboard */; };
		7D1A6BF528269F3300D377EE /* CategoriesViewController.swift in Sources */ = {isa = PBXBuildFile; fileRef = 7D1A6BF428269F3300D377EE /* CategoriesViewController.swift */; };
		7D1A6BF82826A49D00D377EE /* Category.swift in Sources */ = {isa = PBXBuildFile; fileRef = 7D1A6BF72826A49D00D377EE /* Category.swift */; };
		7D1A6BFB2826A59A00D377EE /* WebService.swift in Sources */ = {isa = PBXBuildFile; fileRef = 7D1A6BFA2826A59A00D377EE /* WebService.swift */; };
		7D1A6BFF2826A96D00D377EE /* Categoryresult.swift in Sources */ = {isa = PBXBuildFile; fileRef = 7D1A6BFE2826A96D00D377EE /* Categoryresult.swift */; };
		7D4F170C28270392008A474C /* Product.swift in Sources */ = {isa = PBXBuildFile; fileRef = 7D4F170B28270392008A474C /* Product.swift */; };
		7D4F170E282704CA008A474C /* Productresult.swift in Sources */ = {isa = PBXBuildFile; fileRef = 7D4F170D282704CA008A474C /* Productresult.swift */; };
		7D78B03D2833C514000A5C4B /* CartList.swift in Sources */ = {isa = PBXBuildFile; fileRef = 7D78B03C2833C514000A5C4B /* CartList.swift */; };
		7DA92B8E2833944300416412 /* ShoppingCartViewController.swift in Sources */ = {isa = PBXBuildFile; fileRef = 7DA92B8D2833944300416412 /* ShoppingCartViewController.swift */; };
		7DA92B942833BCEB00416412 /* CartProductList.swift in Sources */ = {isa = PBXBuildFile; fileRef = 7DA92B932833BCEB00416412 /* CartProductList.swift */; };
		7DA92B962833BEED00416412 /* AddProductToCartViewModel.swift in Sources */ = {isa = PBXBuildFile; fileRef = 7DA92B952833BEED00416412 /* AddProductToCartViewModel.swift */; };
		7DB625422832CEC1006D1AD7 /* FilterCollectionViewCell.swift in Sources */ = {isa = PBXBuildFile; fileRef = 7DB625412832CEC1006D1AD7 /* FilterCollectionViewCell.swift */; };
		7DDBAF2E28315D5E008BCE1F /* HomePageViewControllerTest.swift in Sources */ = {isa = PBXBuildFile; fileRef = 7DDBAF2D28315D5E008BCE1F /* HomePageViewControllerTest.swift */; };
		7DDBAF3028316693008BCE1F /* ProductListViewModel.swift in Sources */ = {isa = PBXBuildFile; fileRef = 7DDBAF2F28316693008BCE1F /* ProductListViewModel.swift */; };
		7DDBAF3328316A6C008BCE1F /* ProductCollectionViewCell.swift in Sources */ = {isa = PBXBuildFile; fileRef = 7DDBAF3228316A6C008BCE1F /* ProductCollectionViewCell.swift */; };
		7DDBAF3628317E01008BCE1F /* Kingfisher in Frameworks */ = {isa = PBXBuildFile; productRef = 7DDBAF3528317E01008BCE1F /* Kingfisher */; };
		7DE1428A2826B1FF00AEFBDB /* CategoryViewModel.swift in Sources */ = {isa = PBXBuildFile; fileRef = 7DE142892826B1FF00AEFBDB /* CategoryViewModel.swift */; };
		7DF636AC28341BED00278BFC /* CartListResult.swift in Sources */ = {isa = PBXBuildFile; fileRef = 7DF636AB28341BED00278BFC /* CartListResult.swift */; };
		7DF8B8F32834251000C8F6AC /* CartListListViewModel.swift in Sources */ = {isa = PBXBuildFile; fileRef = 7DF8B8F22834251000C8F6AC /* CartListListViewModel.swift */; };
		7DF8B8F72834407B00C8F6AC /* ShopCartCollectionViewCell.swift in Sources */ = {isa = PBXBuildFile; fileRef = 7DF8B8F62834407B00C8F6AC /* ShopCartCollectionViewCell.swift */; };
/* End PBXBuildFile section */

/* Begin PBXContainerItemProxy section */
		7D3CE04A28315CF50087458F /* PBXContainerItemProxy */ = {
			isa = PBXContainerItemProxy;
			containerPortal = 7D1A6BD428269BBC00D377EE /* Project object */;
			proxyType = 1;
			remoteGlobalIDString = 7D1A6BDB28269BBC00D377EE;
			remoteInfo = ShoppingAppMVVM;
		};
/* End PBXContainerItemProxy section */

/* Begin PBXFileReference section */
		00A05771CE812EFF59A2E589 /* Pods-ShoppingAppMVVM.debug.xcconfig */ = {isa = PBXFileReference; includeInIndex = 1; lastKnownFileType = text.xcconfig; name = "Pods-ShoppingAppMVVM.debug.xcconfig"; path = "Target Support Files/Pods-ShoppingAppMVVM/Pods-ShoppingAppMVVM.debug.xcconfig"; sourceTree = "<group>"; };
		3E402CC9A40DE6ECBCA7D250 /* Pods-ShoppingAppMVVM.release.xcconfig */ = {isa = PBXFileReference; includeInIndex = 1; lastKnownFileType = text.xcconfig; name = "Pods-ShoppingAppMVVM.release.xcconfig"; path = "Target Support Files/Pods-ShoppingAppMVVM/Pods-ShoppingAppMVVM.release.xcconfig"; sourceTree = "<group>"; };
		63F93593A7CA958FED7BBDB3 /* Pods_ShoppingAppMVVM.framework */ = {isa = PBXFileReference; explicitFileType = wrapper.framework; includeInIndex = 0; path = Pods_ShoppingAppMVVM.framework; sourceTree = BUILT_PRODUCTS_DIR; };
		7D1A6BDC28269BBC00D377EE /* ShoppingAppMVVM.app */ = {isa = PBXFileReference; explicitFileType = wrapper.application; includeInIndex = 0; path = ShoppingAppMVVM.app; sourceTree = BUILT_PRODUCTS_DIR; };
		7D1A6BDF28269BBC00D377EE /* AppDelegate.swift */ = {isa = PBXFileReference; lastKnownFileType = sourcecode.swift; path = AppDelegate.swift; sourceTree = "<group>"; };
		7D1A6BE128269BBC00D377EE /* SceneDelegate.swift */ = {isa = PBXFileReference; lastKnownFileType = sourcecode.swift; path = SceneDelegate.swift; sourceTree = "<group>"; };
		7D1A6BE328269BBC00D377EE /* HomePageViewController.swift */ = {isa = PBXFileReference; lastKnownFileType = sourcecode.swift; path = HomePageViewController.swift; sourceTree = "<group>"; };
		7D1A6BE628269BBC00D377EE /* Base */ = {isa = PBXFileReference; lastKnownFileType = file.storyboard; name = Base; path = Base.lproj/Main.storyboard; sourceTree = "<group>"; };
		7D1A6BE828269BC000D377EE /* Assets.xcassets */ = {isa = PBXFileReference; lastKnownFileType = folder.assetcatalog; path = Assets.xcassets; sourceTree = "<group>"; };
		7D1A6BEB28269BC000D377EE /* Base */ = {isa = PBXFileReference; lastKnownFileType = file.storyboard; name = Base; path = Base.lproj/LaunchScreen.storyboard; sourceTree = "<group>"; };
		7D1A6BED28269BC000D377EE /* Info.plist */ = {isa = PBXFileReference; lastKnownFileType = text.plist.xml; path = Info.plist; sourceTree = "<group>"; };
		7D1A6BF428269F3300D377EE /* CategoriesViewController.swift */ = {isa = PBXFileReference; lastKnownFileType = sourcecode.swift; path = CategoriesViewController.swift; sourceTree = "<group>"; };
		7D1A6BF72826A49D00D377EE /* Category.swift */ = {isa = PBXFileReference; lastKnownFileType = sourcecode.swift; path = Category.swift; sourceTree = "<group>"; };
		7D1A6BFA2826A59A00D377EE /* WebService.swift */ = {isa = PBXFileReference; lastKnownFileType = sourcecode.swift; path = WebService.swift; sourceTree = "<group>"; };
		7D1A6BFE2826A96D00D377EE /* Categoryresult.swift */ = {isa = PBXFileReference; lastKnownFileType = sourcecode.swift; path = Categoryresult.swift; sourceTree = "<group>"; };
		7D3CE04628315CF50087458F /* ShoppingAppMVVMTests.xctest */ = {isa = PBXFileReference; explicitFileType = wrapper.cfbundle; includeInIndex = 0; path = ShoppingAppMVVMTests.xctest; sourceTree = BUILT_PRODUCTS_DIR; };
		7D4F170B28270392008A474C /* Product.swift */ = {isa = PBXFileReference; lastKnownFileType = sourcecode.swift; path = Product.swift; sourceTree = "<group>"; };
		7D4F170D282704CA008A474C /* Productresult.swift */ = {isa = PBXFileReference; lastKnownFileType = sourcecode.swift; path = Productresult.swift; sourceTree = "<group>"; };
		7D78B03C2833C514000A5C4B /* CartList.swift */ = {isa = PBXFileReference; lastKnownFileType = sourcecode.swift; path = CartList.swift; sourceTree = "<group>"; };
		7DA92B8D2833944300416412 /* ShoppingCartViewController.swift */ = {isa = PBXFileReference; lastKnownFileType = sourcecode.swift; path = ShoppingCartViewController.swift; sourceTree = "<group>"; };
		7DA92B932833BCEB00416412 /* CartProductList.swift */ = {isa = PBXFileReference; lastKnownFileType = sourcecode.swift; path = CartProductList.swift; sourceTree = "<group>"; };
		7DA92B952833BEED00416412 /* AddProductToCartViewModel.swift */ = {isa = PBXFileReference; lastKnownFileType = sourcecode.swift; path = AddProductToCartViewModel.swift; sourceTree = "<group>"; };
		7DB625412832CEC1006D1AD7 /* FilterCollectionViewCell.swift */ = {isa = PBXFileReference; lastKnownFileType = sourcecode.swift; path = FilterCollectionViewCell.swift; sourceTree = "<group>"; };
		7DDBAF2D28315D5E008BCE1F /* HomePageViewControllerTest.swift */ = {isa = PBXFileReference; lastKnownFileType = sourcecode.swift; path = HomePageViewControllerTest.swift; sourceTree = "<group>"; };
		7DDBAF2F28316693008BCE1F /* ProductListViewModel.swift */ = {isa = PBXFileReference; lastKnownFileType = sourcecode.swift; path = ProductListViewModel.swift; sourceTree = "<group>"; };
		7DDBAF3228316A6C008BCE1F /* ProductCollectionViewCell.swift */ = {isa = PBXFileReference; lastKnownFileType = sourcecode.swift; path = ProductCollectionViewCell.swift; sourceTree = "<group>"; };
		7DE142892826B1FF00AEFBDB /* CategoryViewModel.swift */ = {isa = PBXFileReference; lastKnownFileType = sourcecode.swift; path = CategoryViewModel.swift; sourceTree = "<group>"; };
		7DF636AB28341BED00278BFC /* CartListResult.swift */ = {isa = PBXFileReference; lastKnownFileType = sourcecode.swift; path = CartListResult.swift; sourceTree = "<group>"; };
		7DF8B8F22834251000C8F6AC /* CartListListViewModel.swift */ = {isa = PBXFileReference; lastKnownFileType = sourcecode.swift; path = CartListListViewModel.swift; sourceTree = "<group>"; };
		7DF8B8F62834407B00C8F6AC /* ShopCartCollectionViewCell.swift */ = {isa = PBXFileReference; lastKnownFileType = sourcecode.swift; path = ShopCartCollectionViewCell.swift; sourceTree = "<group>"; };
/* End PBXFileReference section */

/* Begin PBXFrameworksBuildPhase section */
		7D1A6BD928269BBC00D377EE /* Frameworks */ = {
			isa = PBXFrameworksBuildPhase;
			buildActionMask = 2147483647;
			files = (
				7DDBAF3628317E01008BCE1F /* Kingfisher in Frameworks */,
				35AABA19C4FFFE05B98C2170 /* Pods_ShoppingAppMVVM.framework in Frameworks */,
			);
			runOnlyForDeploymentPostprocessing = 0;
		};
		7D3CE04328315CF50087458F /* Frameworks */ = {
			isa = PBXFrameworksBuildPhase;
			buildActionMask = 2147483647;
			files = (
			);
			runOnlyForDeploymentPostprocessing = 0;
		};
/* End PBXFrameworksBuildPhase section */

/* Begin PBXGroup section */
		76419B2331D6B1CDF974B54C /* Pods */ = {
			isa = PBXGroup;
			children = (
				00A05771CE812EFF59A2E589 /* Pods-ShoppingAppMVVM.debug.xcconfig */,
				3E402CC9A40DE6ECBCA7D250 /* Pods-ShoppingAppMVVM.release.xcconfig */,
			);
			path = Pods;
			sourceTree = "<group>";
		};
		7D1A6BD328269BBC00D377EE = {
			isa = PBXGroup;
			children = (
				7D1A6BDE28269BBC00D377EE /* ShoppingAppMVVM */,
				7D3CE04728315CF50087458F /* ShoppingAppMVVMTests */,
				7D1A6BDD28269BBC00D377EE /* Products */,
				76419B2331D6B1CDF974B54C /* Pods */,
				7F5E82CB0C4A26D2BFB0B1C9 /* Frameworks */,
			);
			sourceTree = "<group>";
		};
		7D1A6BDD28269BBC00D377EE /* Products */ = {
			isa = PBXGroup;
			children = (
				7D1A6BDC28269BBC00D377EE /* ShoppingAppMVVM.app */,
				7D3CE04628315CF50087458F /* ShoppingAppMVVMTests.xctest */,
			);
			name = Products;
			sourceTree = "<group>";
		};
		7D1A6BDE28269BBC00D377EE /* ShoppingAppMVVM */ = {
			isa = PBXGroup;
			children = (
				7DE142882826B1E700AEFBDB /* ViewModel */,
				7D1A6BF92826A58A00D377EE /* Service */,
				7D1A6BF62826A48F00D377EE /* Model */,
				7D1A6BF328269F1B00D377EE /* View */,
				7D1A6BDF28269BBC00D377EE /* AppDelegate.swift */,
				7D1A6BE128269BBC00D377EE /* SceneDelegate.swift */,
				7D1A6BE528269BBC00D377EE /* Main.storyboard */,
				7D1A6BE828269BC000D377EE /* Assets.xcassets */,
				7D1A6BEA28269BC000D377EE /* LaunchScreen.storyboard */,
				7D1A6BED28269BC000D377EE /* Info.plist */,
			);
			path = ShoppingAppMVVM;
			sourceTree = "<group>";
		};
		7D1A6BF328269F1B00D377EE /* View */ = {
			isa = PBXGroup;
			children = (
				7DDBAF3128316A57008BCE1F /* CellView */,
				7D1A6BF428269F3300D377EE /* CategoriesViewController.swift */,
				7DA92B8D2833944300416412 /* ShoppingCartViewController.swift */,
				7D1A6BE328269BBC00D377EE /* HomePageViewController.swift */,
			);
			path = View;
			sourceTree = "<group>";
		};
		7D1A6BF62826A48F00D377EE /* Model */ = {
			isa = PBXGroup;
			children = (
				7D1A6BF72826A49D00D377EE /* Category.swift */,
				7D1A6BFE2826A96D00D377EE /* Categoryresult.swift */,
				7D4F170B28270392008A474C /* Product.swift */,
				7D4F170D282704CA008A474C /* Productresult.swift */,
				7DA92B932833BCEB00416412 /* CartProductList.swift */,
				7D78B03C2833C514000A5C4B /* CartList.swift */,
				7DF636AB28341BED00278BFC /* CartListResult.swift */,
			);
			path = Model;
			sourceTree = "<group>";
		};
		7D1A6BF92826A58A00D377EE /* Service */ = {
			isa = PBXGroup;
			children = (
				7D1A6BFA2826A59A00D377EE /* WebService.swift */,
			);
			path = Service;
			sourceTree = "<group>";
		};
		7D3CE04728315CF50087458F /* ShoppingAppMVVMTests */ = {
			isa = PBXGroup;
			children = (
				7DDBAF2D28315D5E008BCE1F /* HomePageViewControllerTest.swift */,
			);
			path = ShoppingAppMVVMTests;
			sourceTree = "<group>";
		};
		7DDBAF3128316A57008BCE1F /* CellView */ = {
			isa = PBXGroup;
			children = (
				7DDBAF3228316A6C008BCE1F /* ProductCollectionViewCell.swift */,
				7DB625412832CEC1006D1AD7 /* FilterCollectionViewCell.swift */,
				7DF8B8F62834407B00C8F6AC /* ShopCartCollectionViewCell.swift */,
			);
			path = CellView;
			sourceTree = "<group>";
		};
		7DE142882826B1E700AEFBDB /* ViewModel */ = {
			isa = PBXGroup;
			children = (
				7DE142892826B1FF00AEFBDB /* CategoryViewModel.swift */,
				7DDBAF2F28316693008BCE1F /* ProductListViewModel.swift */,
				7DA92B952833BEED00416412 /* AddProductToCartViewModel.swift */,
				7DF8B8F22834251000C8F6AC /* CartListListViewModel.swift */,
			);
			path = ViewModel;
			sourceTree = "<group>";
		};
		7F5E82CB0C4A26D2BFB0B1C9 /* Frameworks */ = {
			isa = PBXGroup;
			children = (
				63F93593A7CA958FED7BBDB3 /* Pods_ShoppingAppMVVM.framework */,
			);
			name = Frameworks;
			sourceTree = "<group>";
		};
/* End PBXGroup section */

/* Begin PBXNativeTarget section */
		7D1A6BDB28269BBC00D377EE /* ShoppingAppMVVM */ = {
			isa = PBXNativeTarget;
			buildConfigurationList = 7D1A6BF028269BC000D377EE /* Build configuration list for PBXNativeTarget "ShoppingAppMVVM" */;
			buildPhases = (
				4C9803B8B24B64CB6A7FF94C /* [CP] Check Pods Manifest.lock */,
				7D1A6BD828269BBC00D377EE /* Sources */,
				7D1A6BD928269BBC00D377EE /* Frameworks */,
				7D1A6BDA28269BBC00D377EE /* Resources */,
				E6BF74150AF4F399B07FB66E /* [CP] Embed Pods Frameworks */,
			);
			buildRules = (
			);
			dependencies = (
			);
			name = ShoppingAppMVVM;
			packageProductDependencies = (
				7DDBAF3528317E01008BCE1F /* Kingfisher */,
			);
			productName = ShoppingAppMVVM;
			productReference = 7D1A6BDC28269BBC00D377EE /* ShoppingAppMVVM.app */;
			productType = "com.apple.product-type.application";
		};
		7D3CE04528315CF50087458F /* ShoppingAppMVVMTests */ = {
			isa = PBXNativeTarget;
			buildConfigurationList = 7D3CE04E28315CF50087458F /* Build configuration list for PBXNativeTarget "ShoppingAppMVVMTests" */;
			buildPhases = (
				7D3CE04228315CF50087458F /* Sources */,
				7D3CE04328315CF50087458F /* Frameworks */,
				7D3CE04428315CF50087458F /* Resources */,
			);
			buildRules = (
			);
			dependencies = (
				7D3CE04B28315CF50087458F /* PBXTargetDependency */,
			);
			name = ShoppingAppMVVMTests;
			productName = ShoppingAppMVVMTests;
			productReference = 7D3CE04628315CF50087458F /* ShoppingAppMVVMTests.xctest */;
			productType = "com.apple.product-type.bundle.unit-test";
		};
/* End PBXNativeTarget section */

/* Begin PBXProject section */
		7D1A6BD428269BBC00D377EE /* Project object */ = {
			isa = PBXProject;
			attributes = {
				BuildIndependentTargetsInParallel = 1;
				LastSwiftUpdateCheck = 1330;
				LastUpgradeCheck = 1330;
				TargetAttributes = {
					7D1A6BDB28269BBC00D377EE = {
						CreatedOnToolsVersion = 13.3.1;
					};
					7D3CE04528315CF50087458F = {
						CreatedOnToolsVersion = 13.3.1;
						TestTargetID = 7D1A6BDB28269BBC00D377EE;
					};
				};
			};
			buildConfigurationList = 7D1A6BD728269BBC00D377EE /* Build configuration list for PBXProject "ShoppingAppMVVM" */;
			compatibilityVersion = "Xcode 13.0";
			developmentRegion = en;
			hasScannedForEncodings = 0;
			knownRegions = (
				en,
				Base,
			);
			mainGroup = 7D1A6BD328269BBC00D377EE;
			packageReferences = (
				7DDBAF3428317E01008BCE1F /* XCRemoteSwiftPackageReference "Kingfisher" */,
			);
			productRefGroup = 7D1A6BDD28269BBC00D377EE /* Products */;
			projectDirPath = "";
			projectRoot = "";
			targets = (
				7D1A6BDB28269BBC00D377EE /* ShoppingAppMVVM */,
				7D3CE04528315CF50087458F /* ShoppingAppMVVMTests */,
			);
		};
/* End PBXProject section */

/* Begin PBXResourcesBuildPhase section */
		7D1A6BDA28269BBC00D377EE /* Resources */ = {
			isa = PBXResourcesBuildPhase;
			buildActionMask = 2147483647;
			files = (
				7D1A6BEC28269BC000D377EE /* LaunchScreen.storyboard in Resources */,
				7D1A6BE928269BC000D377EE /* Assets.xcassets in Resources */,
				7D1A6BE728269BBC00D377EE /* Main.storyboard in Resources */,
			);
			runOnlyForDeploymentPostprocessing = 0;
		};
		7D3CE04428315CF50087458F /* Resources */ = {
			isa = PBXResourcesBuildPhase;
			buildActionMask = 2147483647;
			files = (
			);
			runOnlyForDeploymentPostprocessing = 0;
		};
/* End PBXResourcesBuildPhase section */

/* Begin PBXShellScriptBuildPhase section */
		4C9803B8B24B64CB6A7FF94C /* [CP] Check Pods Manifest.lock */ = {
			isa = PBXShellScriptBuildPhase;
			buildActionMask = 2147483647;
			files = (
			);
			inputFileListPaths = (
			);
			inputPaths = (
				"${PODS_PODFILE_DIR_PATH}/Podfile.lock",
				"${PODS_ROOT}/Manifest.lock",
			);
			name = "[CP] Check Pods Manifest.lock";
			outputFileListPaths = (
			);
			outputPaths = (
				"$(DERIVED_FILE_DIR)/Pods-ShoppingAppMVVM-checkManifestLockResult.txt",
			);
			runOnlyForDeploymentPostprocessing = 0;
			shellPath = /bin/sh;
			shellScript = "diff \"${PODS_PODFILE_DIR_PATH}/Podfile.lock\" \"${PODS_ROOT}/Manifest.lock\" > /dev/null\nif [ $? != 0 ] ; then\n    # print error to STDERR\n    echo \"error: The sandbox is not in sync with the Podfile.lock. Run 'pod install' or update your CocoaPods installation.\" >&2\n    exit 1\nfi\n# This output is used by Xcode 'outputs' to avoid re-running this script phase.\necho \"SUCCESS\" > \"${SCRIPT_OUTPUT_FILE_0}\"\n";
			showEnvVarsInLog = 0;
		};
		E6BF74150AF4F399B07FB66E /* [CP] Embed Pods Frameworks */ = {
			isa = PBXShellScriptBuildPhase;
			buildActionMask = 2147483647;
			files = (
			);
			inputFileListPaths = (
				"${PODS_ROOT}/Target Support Files/Pods-ShoppingAppMVVM/Pods-ShoppingAppMVVM-frameworks-${CONFIGURATION}-input-files.xcfilelist",
			);
			name = "[CP] Embed Pods Frameworks";
			outputFileListPaths = (
				"${PODS_ROOT}/Target Support Files/Pods-ShoppingAppMVVM/Pods-ShoppingAppMVVM-frameworks-${CONFIGURATION}-output-files.xcfilelist",
			);
			runOnlyForDeploymentPostprocessing = 0;
			shellPath = /bin/sh;
			shellScript = "\"${PODS_ROOT}/Target Support Files/Pods-ShoppingAppMVVM/Pods-ShoppingAppMVVM-frameworks.sh\"\n";
			showEnvVarsInLog = 0;
		};
/* End PBXShellScriptBuildPhase section */

/* Begin PBXSourcesBuildPhase section */
		7D1A6BD828269BBC00D377EE /* Sources */ = {
			isa = PBXSourcesBuildPhase;
			buildActionMask = 2147483647;
			files = (
				7DA92B942833BCEB00416412 /* CartProductList.swift in Sources */,
				7DDBAF3028316693008BCE1F /* ProductListViewModel.swift in Sources */,
				7D1A6BFB2826A59A00D377EE /* WebService.swift in Sources */,
				7DA92B962833BEED00416412 /* AddProductToCartViewModel.swift in Sources */,
				7D1A6BE428269BBC00D377EE /* HomePageViewController.swift in Sources */,
				7D4F170E282704CA008A474C /* Productresult.swift in Sources */,
				7D4F170C28270392008A474C /* Product.swift in Sources */,
				7DDBAF3328316A6C008BCE1F /* ProductCollectionViewCell.swift in Sources */,
				7D1A6BFF2826A96D00D377EE /* Categoryresult.swift in Sources */,
				7D1A6BF82826A49D00D377EE /* Category.swift in Sources */,
				7DF8B8F72834407B00C8F6AC /* ShopCartCollectionViewCell.swift in Sources */,
				7DE1428A2826B1FF00AEFBDB /* CategoryViewModel.swift in Sources */,
				7D78B03D2833C514000A5C4B /* CartList.swift in Sources */,
				7D1A6BE028269BBC00D377EE /* AppDelegate.swift in Sources */,
				7D1A6BF528269F3300D377EE /* CategoriesViewController.swift in Sources */,
				7DF636AC28341BED00278BFC /* CartListResult.swift in Sources */,
				7DB625422832CEC1006D1AD7 /* FilterCollectionViewCell.swift in Sources */,
				7D1A6BE228269BBC00D377EE /* SceneDelegate.swift in Sources */,
				7DF8B8F32834251000C8F6AC /* CartListListViewModel.swift in Sources */,
				7DA92B8E2833944300416412 /* ShoppingCartViewController.swift in Sources */,
			);
			runOnlyForDeploymentPostprocessing = 0;
		};
		7D3CE04228315CF50087458F /* Sources */ = {
			isa = PBXSourcesBuildPhase;
			buildActionMask = 2147483647;
			files = (
				7DDBAF2E28315D5E008BCE1F /* HomePageViewControllerTest.swift in Sources */,
			);
			runOnlyForDeploymentPostprocessing = 0;
		};
/* End PBXSourcesBuildPhase section */

/* Begin PBXTargetDependency section */
		7D3CE04B28315CF50087458F /* PBXTargetDependency */ = {
			isa = PBXTargetDependency;
			target = 7D1A6BDB28269BBC00D377EE /* ShoppingAppMVVM */;
			targetProxy = 7D3CE04A28315CF50087458F /* PBXContainerItemProxy */;
		};
/* End PBXTargetDependency section */

/* Begin PBXVariantGroup section */
		7D1A6BE528269BBC00D377EE /* Main.storyboard */ = {
			isa = PBXVariantGroup;
			children = (
				7D1A6BE628269BBC00D377EE /* Base */,
			);
			name = Main.storyboard;
			sourceTree = "<group>";
		};
		7D1A6BEA28269BC000D377EE /* LaunchScreen.storyboard */ = {
			isa = PBXVariantGroup;
			children = (
				7D1A6BEB28269BC000D377EE /* Base */,
			);
			name = LaunchScreen.storyboard;
			sourceTree = "<group>";
		};
/* End PBXVariantGroup section */

/* Begin XCBuildConfiguration section */
		7D1A6BEE28269BC000D377EE /* Debug */ = {
			isa = XCBuildConfiguration;
			buildSettings = {
				ALWAYS_SEARCH_USER_PATHS = NO;
				CLANG_ANALYZER_NONNULL = YES;
				CLANG_ANALYZER_NUMBER_OBJECT_CONVERSION = YES_AGGRESSIVE;
				CLANG_CXX_LANGUAGE_STANDARD = "gnu++17";
				CLANG_ENABLE_MODULES = YES;
				CLANG_ENABLE_OBJC_ARC = YES;
				CLANG_ENABLE_OBJC_WEAK = YES;
				CLANG_WARN_BLOCK_CAPTURE_AUTORELEASING = YES;
				CLANG_WARN_BOOL_CONVERSION = YES;
				CLANG_WARN_COMMA = YES;
				CLANG_WARN_CONSTANT_CONVERSION = YES;
				CLANG_WARN_DEPRECATED_OBJC_IMPLEMENTATIONS = YES;
				CLANG_WARN_DIRECT_OBJC_ISA_USAGE = YES_ERROR;
				CLANG_WARN_DOCUMENTATION_COMMENTS = YES;
				CLANG_WARN_EMPTY_BODY = YES;
				CLANG_WARN_ENUM_CONVERSION = YES;
				CLANG_WARN_INFINITE_RECURSION = YES;
				CLANG_WARN_INT_CONVERSION = YES;
				CLANG_WARN_NON_LITERAL_NULL_CONVERSION = YES;
				CLANG_WARN_OBJC_IMPLICIT_RETAIN_SELF = YES;
				CLANG_WARN_OBJC_LITERAL_CONVERSION = YES;
				CLANG_WARN_OBJC_ROOT_CLASS = YES_ERROR;
				CLANG_WARN_QUOTED_INCLUDE_IN_FRAMEWORK_HEADER = YES;
				CLANG_WARN_RANGE_LOOP_ANALYSIS = YES;
				CLANG_WARN_STRICT_PROTOTYPES = YES;
				CLANG_WARN_SUSPICIOUS_MOVE = YES;
				CLANG_WARN_UNGUARDED_AVAILABILITY = YES_AGGRESSIVE;
				CLANG_WARN_UNREACHABLE_CODE = YES;
				CLANG_WARN__DUPLICATE_METHOD_MATCH = YES;
				COPY_PHASE_STRIP = NO;
				DEBUG_INFORMATION_FORMAT = dwarf;
				ENABLE_STRICT_OBJC_MSGSEND = YES;
				ENABLE_TESTABILITY = YES;
				GCC_C_LANGUAGE_STANDARD = gnu11;
				GCC_DYNAMIC_NO_PIC = NO;
				GCC_NO_COMMON_BLOCKS = YES;
				GCC_OPTIMIZATION_LEVEL = 0;
				GCC_PREPROCESSOR_DEFINITIONS = (
					"DEBUG=1",
					"$(inherited)",
				);
				GCC_WARN_64_TO_32_BIT_CONVERSION = YES;
				GCC_WARN_ABOUT_RETURN_TYPE = YES_ERROR;
				GCC_WARN_UNDECLARED_SELECTOR = YES;
				GCC_WARN_UNINITIALIZED_AUTOS = YES_AGGRESSIVE;
				GCC_WARN_UNUSED_FUNCTION = YES;
				GCC_WARN_UNUSED_VARIABLE = YES;
				IPHONEOS_DEPLOYMENT_TARGET = 15.4;
				MTL_ENABLE_DEBUG_INFO = INCLUDE_SOURCE;
				MTL_FAST_MATH = YES;
				ONLY_ACTIVE_ARCH = YES;
				SDKROOT = iphoneos;
				SWIFT_ACTIVE_COMPILATION_CONDITIONS = DEBUG;
				SWIFT_OPTIMIZATION_LEVEL = "-Onone";
			};
			name = Debug;
		};
		7D1A6BEF28269BC000D377EE /* Release */ = {
			isa = XCBuildConfiguration;
			buildSettings = {
				ALWAYS_SEARCH_USER_PATHS = NO;
				CLANG_ANALYZER_NONNULL = YES;
				CLANG_ANALYZER_NUMBER_OBJECT_CONVERSION = YES_AGGRESSIVE;
				CLANG_CXX_LANGUAGE_STANDARD = "gnu++17";
				CLANG_ENABLE_MODULES = YES;
				CLANG_ENABLE_OBJC_ARC = YES;
				CLANG_ENABLE_OBJC_WEAK = YES;
				CLANG_WARN_BLOCK_CAPTURE_AUTORELEASING = YES;
				CLANG_WARN_BOOL_CONVERSION = YES;
				CLANG_WARN_COMMA = YES;
				CLANG_WARN_CONSTANT_CONVERSION = YES;
				CLANG_WARN_DEPRECATED_OBJC_IMPLEMENTATIONS = YES;
				CLANG_WARN_DIRECT_OBJC_ISA_USAGE = YES_ERROR;
				CLANG_WARN_DOCUMENTATION_COMMENTS = YES;
				CLANG_WARN_EMPTY_BODY = YES;
				CLANG_WARN_ENUM_CONVERSION = YES;
				CLANG_WARN_INFINITE_RECURSION = YES;
				CLANG_WARN_INT_CONVERSION = YES;
				CLANG_WARN_NON_LITERAL_NULL_CONVERSION = YES;
				CLANG_WARN_OBJC_IMPLICIT_RETAIN_SELF = YES;
				CLANG_WARN_OBJC_LITERAL_CONVERSION = YES;
				CLANG_WARN_OBJC_ROOT_CLASS = YES_ERROR;
				CLANG_WARN_QUOTED_INCLUDE_IN_FRAMEWORK_HEADER = YES;
				CLANG_WARN_RANGE_LOOP_ANALYSIS = YES;
				CLANG_WARN_STRICT_PROTOTYPES = YES;
				CLANG_WARN_SUSPICIOUS_MOVE = YES;
				CLANG_WARN_UNGUARDED_AVAILABILITY = YES_AGGRESSIVE;
				CLANG_WARN_UNREACHABLE_CODE = YES;
				CLANG_WARN__DUPLICATE_METHOD_MATCH = YES;
				COPY_PHASE_STRIP = NO;
				DEBUG_INFORMATION_FORMAT = "dwarf-with-dsym";
				ENABLE_NS_ASSERTIONS = NO;
				ENABLE_STRICT_OBJC_MSGSEND = YES;
				GCC_C_LANGUAGE_STANDARD = gnu11;
				GCC_NO_COMMON_BLOCKS = YES;
				GCC_WARN_64_TO_32_BIT_CONVERSION = YES;
				GCC_WARN_ABOUT_RETURN_TYPE = YES_ERROR;
				GCC_WARN_UNDECLARED_SELECTOR = YES;
				GCC_WARN_UNINITIALIZED_AUTOS = YES_AGGRESSIVE;
				GCC_WARN_UNUSED_FUNCTION = YES;
				GCC_WARN_UNUSED_VARIABLE = YES;
				IPHONEOS_DEPLOYMENT_TARGET = 15.4;
				MTL_ENABLE_DEBUG_INFO = NO;
				MTL_FAST_MATH = YES;
				SDKROOT = iphoneos;
				SWIFT_COMPILATION_MODE = wholemodule;
				SWIFT_OPTIMIZATION_LEVEL = "-O";
				VALIDATE_PRODUCT = YES;
			};
			name = Release;
		};
		7D1A6BF128269BC000D377EE /* Debug */ = {
			isa = XCBuildConfiguration;
			baseConfigurationReference = 00A05771CE812EFF59A2E589 /* Pods-ShoppingAppMVVM.debug.xcconfig */;
			buildSettings = {
				ASSETCATALOG_COMPILER_APPICON_NAME = AppIcon;
				ASSETCATALOG_COMPILER_GLOBAL_ACCENT_COLOR_NAME = AccentColor;
				CODE_SIGN_STYLE = Automatic;
				CURRENT_PROJECT_VERSION = 1;
				DEVELOPMENT_TEAM = 34G99QRS57;
				GENERATE_INFOPLIST_FILE = YES;
				INFOPLIST_FILE = ShoppingAppMVVM/Info.plist;
				INFOPLIST_KEY_UIApplicationSupportsIndirectInputEvents = YES;
				INFOPLIST_KEY_UILaunchStoryboardName = LaunchScreen;
				INFOPLIST_KEY_UIMainStoryboardFile = Main;
				INFOPLIST_KEY_UISupportedInterfaceOrientations_iPad = "UIInterfaceOrientationPortrait UIInterfaceOrientationPortraitUpsideDown UIInterfaceOrientationLandscapeLeft UIInterfaceOrientationLandscapeRight";
				INFOPLIST_KEY_UISupportedInterfaceOrientations_iPhone = "UIInterfaceOrientationPortrait UIInterfaceOrientationLandscapeLeft UIInterfaceOrientationLandscapeRight";
				LD_RUNPATH_SEARCH_PATHS = (
					"$(inherited)",
					"@executable_path/Frameworks",
				);
				MARKETING_VERSION = 1.0;
				PRODUCT_BUNDLE_IDENTIFIER = com.engingulek.ShoppingAppMVVM;
				PRODUCT_NAME = "$(TARGET_NAME)";
				SWIFT_EMIT_LOC_STRINGS = YES;
				SWIFT_VERSION = 5.0;
				TARGETED_DEVICE_FAMILY = "1,2";
			};
			name = Debug;
		};
		7D1A6BF228269BC000D377EE /* Release */ = {
			isa = XCBuildConfiguration;
			baseConfigurationReference = 3E402CC9A40DE6ECBCA7D250 /* Pods-ShoppingAppMVVM.release.xcconfig */;
			buildSettings = {
				ASSETCATALOG_COMPILER_APPICON_NAME = AppIcon;
				ASSETCATALOG_COMPILER_GLOBAL_ACCENT_COLOR_NAME = AccentColor;
				CODE_SIGN_STYLE = Automatic;
				CURRENT_PROJECT_VERSION = 1;
				DEVELOPMENT_TEAM = 34G99QRS57;
				GENERATE_INFOPLIST_FILE = YES;
				INFOPLIST_FILE = ShoppingAppMVVM/Info.plist;
				INFOPLIST_KEY_UIApplicationSupportsIndirectInputEvents = YES;
				INFOPLIST_KEY_UILaunchStoryboardName = LaunchScreen;
				INFOPLIST_KEY_UIMainStoryboardFile = Main;
				INFOPLIST_KEY_UISupportedInterfaceOrientations_iPad = "UIInterfaceOrientationPortrait UIInterfaceOrientationPortraitUpsideDown UIInterfaceOrientationLandscapeLeft UIInterfaceOrientationLandscapeRight";
				INFOPLIST_KEY_UISupportedInterfaceOrientations_iPhone = "UIInterfaceOrientationPortrait UIInterfaceOrientationLandscapeLeft UIInterfaceOrientationLandscapeRight";
				LD_RUNPATH_SEARCH_PATHS = (
					"$(inherited)",
					"@executable_path/Frameworks",
				);
				MARKETING_VERSION = 1.0;
				PRODUCT_BUNDLE_IDENTIFIER = com.engingulek.ShoppingAppMVVM;
				PRODUCT_NAME = "$(TARGET_NAME)";
				SWIFT_EMIT_LOC_STRINGS = YES;
				SWIFT_VERSION = 5.0;
				TARGETED_DEVICE_FAMILY = "1,2";
			};
			name = Release;
		};
		7D3CE04C28315CF50087458F /* Debug */ = {
			isa = XCBuildConfiguration;
			buildSettings = {
				BUNDLE_LOADER = "$(TEST_HOST)";
				CODE_SIGN_STYLE = Automatic;
				CURRENT_PROJECT_VERSION = 1;
				DEVELOPMENT_TEAM = 34G99QRS57;
				GENERATE_INFOPLIST_FILE = YES;
				MARKETING_VERSION = 1.0;
				PRODUCT_BUNDLE_IDENTIFIER = com.engingulek.ShoppingAppMVVMTests;
				PRODUCT_NAME = "$(TARGET_NAME)";
				SWIFT_EMIT_LOC_STRINGS = NO;
				SWIFT_VERSION = 5.0;
				TARGETED_DEVICE_FAMILY = "1,2";
				TEST_HOST = "$(BUILT_PRODUCTS_DIR)/ShoppingAppMVVM.app/ShoppingAppMVVM";
			};
			name = Debug;
		};
		7D3CE04D28315CF50087458F /* Release */ = {
			isa = XCBuildConfiguration;
			buildSettings = {
				BUNDLE_LOADER = "$(TEST_HOST)";
				CODE_SIGN_STYLE = Automatic;
				CURRENT_PROJECT_VERSION = 1;
				DEVELOPMENT_TEAM = 34G99QRS57;
				GENERATE_INFOPLIST_FILE = YES;
				MARKETING_VERSION = 1.0;
				PRODUCT_BUNDLE_IDENTIFIER = com.engingulek.ShoppingAppMVVMTests;
				PRODUCT_NAME = "$(TARGET_NAME)";
				SWIFT_EMIT_LOC_STRINGS = NO;
				SWIFT_VERSION = 5.0;
				TARGETED_DEVICE_FAMILY = "1,2";
				TEST_HOST = "$(BUILT_PRODUCTS_DIR)/ShoppingAppMVVM.app/ShoppingAppMVVM";
			};
			name = Release;
		};
/* End XCBuildConfiguration section */

/* Begin XCConfigurationList section */
		7D1A6BD728269BBC00D377EE /* Build configuration list for PBXProject "ShoppingAppMVVM" */ = {
			isa = XCConfigurationList;
			buildConfigurations = (
				7D1A6BEE28269BC000D377EE /* Debug */,
				7D1A6BEF28269BC000D377EE /* Release */,
			);
			defaultConfigurationIsVisible = 0;
			defaultConfigurationName = Release;
		};
		7D1A6BF028269BC000D377EE /* Build configuration list for PBXNativeTarget "ShoppingAppMVVM" */ = {
			isa = XCConfigurationList;
			buildConfigurations = (
				7D1A6BF128269BC000D377EE /* Debug */,
				7D1A6BF228269BC000D377EE /* Release */,
			);
			defaultConfigurationIsVisible = 0;
			defaultConfigurationName = Release;
		};
		7D3CE04E28315CF50087458F /* Build configuration list for PBXNativeTarget "ShoppingAppMVVMTests" */ = {
			isa = XCConfigurationList;
			buildConfigurations = (
				7D3CE04C28315CF50087458F /* Debug */,
				7D3CE04D28315CF50087458F /* Release */,
			);
			defaultConfigurationIsVisible = 0;
			defaultConfigurationName = Release;
		};
/* End XCConfigurationList section */

/* Begin XCRemoteSwiftPackageReference section */
		7DDBAF3428317E01008BCE1F /* XCRemoteSwiftPackageReference "Kingfisher" */ = {
			isa = XCRemoteSwiftPackageReference;
			repositoryURL = "https://github.com/onevcat/Kingfisher.git";
			requirement = {
				branch = master;
				kind = branch;
			};
		};
/* End XCRemoteSwiftPackageReference section */

/* Begin XCSwiftPackageProductDependency section */
		7DDBAF3528317E01008BCE1F /* Kingfisher */ = {
			isa = XCSwiftPackageProductDependency;
			package = 7DDBAF3428317E01008BCE1F /* XCRemoteSwiftPackageReference "Kingfisher" */;
			productName = Kingfisher;
		};
/* End XCSwiftPackageProductDependency section */
	};
	rootObject = 7D1A6BD428269BBC00D377EE /* Project object */;
}
